
Microsoft Visual Studio Solution File, Format Version 12.00
# Visual Studio Express 14 for Web
VisualStudioVersion = 14.0.23107.0
MinimumVisualStudioVersion = 10.0.40219.1
Project("{2150E333-8FDC-42A3-9474-1A3956D46DE8}") = "0- Apresentação", "0- Apresentação", "{D6E7075C-E55A-4D5A-95CB-A2C71F4C795E}"
EndProject
Project("{2150E333-8FDC-42A3-9474-1A3956D46DE8}") = "1-Serviços", "1-Serviços", "{6F0CDC6C-2AC8-4B57-806B-62D05A43F9CA}"
EndProject
Project("{2150E333-8FDC-42A3-9474-1A3956D46DE8}") = "2-Aplicação", "2-Aplicação", "{5F414E25-16FC-4874-A595-A774F71DBFCD}"
EndProject
Project("{2150E333-8FDC-42A3-9474-1A3956D46DE8}") = "3-Dominio", "3-Dominio", "{263FB602-0F79-44D2-9F73-3657B8455D35}"
EndProject
Project("{2150E333-8FDC-42A3-9474-1A3956D46DE8}") = "4-Infra", "4-Infra", "{749F1491-5DE0-49E1-9C9D-074D999B8741}"
EndProject
Project("{2150E333-8FDC-42A3-9474-1A3956D46DE8}") = "4.1-Data", "4.1-Data", "{54EB5858-92B8-4B02-B370-099227CE365D}"
EndProject
Project("{2150E333-8FDC-42A3-9474-1A3956D46DE8}") = "4.2-CrossCutting", "4.2-CrossCutting", "{C06D77FC-FFD9-4BE1-AA70-392F3952D552}"
EndProject
Project("{FAE04EC0-301F-11D3-BF4B-00C04F79EFBC}") = "IndicacaoCerta.MVC", "IndicacaoCerta.MVC\IndicacaoCerta.MVC.csproj", "{E312D165-269F-4109-A4C7-4655A6E2E6FF}"
EndProject
Project("{FAE04EC0-301F-11D3-BF4B-00C04F79EFBC}") = "IndicacaoCerta.Dominio", "IndicacaoCerta.Dominio\IndicacaoCerta.Dominio.csproj", "{D0F73DBF-E545-430C-97F4-F9AFF6F1DF3A}"
EndProject
Project("{FAE04EC0-301F-11D3-BF4B-00C04F79EFBC}") = "IndicacaoCerta.Aplicacao", "IndicacaoCerta.Aplicacao\IndicacaoCerta.Aplicacao.csproj", "{518B7DE8-B683-4144-9FD4-F2C048F50297}"
EndProject
Project("{FAE04EC0-301F-11D3-BF4B-00C04F79EFBC}") = "IndicacaoCerta.Infra.Data", "IndicacaoCerta.Infra.Data\IndicacaoCerta.Infra.Data.csproj", "{FF4FE609-DD61-40E1-909A-0AC57D6AFD36}"
EndProject
Global
	GlobalSection(SolutionConfigurationPlatforms) = preSolution
		Debug|Any CPU = Debug|Any CPU
		Release|Any CPU = Release|Any CPU
	EndGlobalSection
	GlobalSection(ProjectConfigurationPlatforms) = postSolution
		{E312D165-269F-4109-A4C7-4655A6E2E6FF}.Debug|Any CPU.ActiveCfg = Debug|Any CPU
		{E312D165-269F-4109-A4C7-4655A6E2E6FF}.Debug|Any CPU.Build.0 = Debug|Any CPU
		{E312D165-269F-4109-A4C7-4655A6E2E6FF}.Release|Any CPU.ActiveCfg = Release|Any CPU
		{E312D165-269F-4109-A4C7-4655A6E2E6FF}.Release|Any CPU.Build.0 = Release|Any CPU
		{D0F73DBF-E545-430C-97F4-F9AFF6F1DF3A}.Debug|Any CPU.ActiveCfg = Debug|Any CPU
		{D0F73DBF-E545-430C-97F4-F9AFF6F1DF3A}.Debug|Any CPU.Build.0 = Debug|Any CPU
		{D0F73DBF-E545-430C-97F4-F9AFF6F1DF3A}.Release|Any CPU.ActiveCfg = Release|Any CPU
		{D0F73DBF-E545-430C-97F4-F9AFF6F1DF3A}.Release|Any CPU.Build.0 = Release|Any CPU
		{518B7DE8-B683-4144-9FD4-F2C048F50297}.Debug|Any CPU.ActiveCfg = Debug|Any CPU
		{518B7DE8-B683-4144-9FD4-F2C048F50297}.Debug|Any CPU.Build.0 = Debug|Any CPU
		{518B7DE8-B683-4144-9FD4-F2C048F50297}.Release|Any CPU.ActiveCfg = Release|Any CPU
		{518B7DE8-B683-4144-9FD4-F2C048F50297}.Release|Any CPU.Build.0 = Release|Any CPU
		{FF4FE609-DD61-40E1-909A-0AC57D6AFD36}.Debug|Any CPU.ActiveCfg = Debug|Any CPU
		{FF4FE609-DD61-40E1-909A-0AC57D6AFD36}.Debug|Any CPU.Build.0 = Debug|Any CPU
		{FF4FE609-DD61-40E1-909A-0AC57D6AFD36}.Release|Any CPU.ActiveCfg = Release|Any CPU
		{FF4FE609-DD61-40E1-909A-0AC57D6AFD36}.Release|Any CPU.Build.0 = Release|Any CPU
	EndGlobalSection
	GlobalSection(SolutionProperties) = preSolution
		HideSolutionNode = FALSE
	EndGlobalSection
	GlobalSection(NestedProjects) = preSolution
		{54EB5858-92B8-4B02-B370-099227CE365D} = {749F1491-5DE0-49E1-9C9D-074D999B8741}
		{C06D77FC-FFD9-4BE1-AA70-392F3952D552} = {749F1491-5DE0-49E1-9C9D-074D999B8741}
		{E312D165-269F-4109-A4C7-4655A6E2E6FF} = {D6E7075C-E55A-4D5A-95CB-A2C71F4C795E}
		{D0F73DBF-E545-430C-97F4-F9AFF6F1DF3A} = {263FB602-0F79-44D2-9F73-3657B8455D35}
		{518B7DE8-B683-4144-9FD4-F2C048F50297} = {5F414E25-16FC-4874-A595-A774F71DBFCD}
		{FF4FE609-DD61-40E1-909A-0AC57D6AFD36} = {54EB5858-92B8-4B02-B370-099227CE365D}
	EndGlobalSection
EndGlobal
